<?xml version="1.0" encoding="utf-8"?>
<Project ToolsVersion="4.0" xmlns="http://schemas.microsoft.com/developer/msbuild/2003">
  <ItemGroup>
    <Filter Include="win32">
      <UniqueIdentifier>{84a8ebd7-7cf0-47f6-b75e-d441df67da40}</UniqueIdentifier>
    </Filter>
    <Filter Include="resource">
      <UniqueIdentifier>{715254bc-d70b-4ec5-bf29-467dd3ace079}</UniqueIdentifier>
    </Filter>
    <Filter Include="src">
      <UniqueIdentifier>{bb6c862e-70e9-49d9-81b7-3829a6f50471}</UniqueIdentifier>
    </Filter>
    <Filter Include="src\network">
      <UniqueIdentifier>{2a782749-39bf-41c9-ab0b-fbed49d90e14}</UniqueIdentifier>
    </Filter>
    <Filter Include="src\base">
      <UniqueIdentifier>{cfc4449c-c8dd-4504-a23d-976166199507}</UniqueIdentifier>
    </Filter>
    <Filter Include="src\base\interface">
      <UniqueIdentifier>{7e2a24a5-08a7-42f8-b1c1-ce3295528cd6}</UniqueIdentifier>
    </Filter>
    <Filter Include="resource\shader">
      <UniqueIdentifier>{40c24956-d76e-47e9-a376-d699f584c151}</UniqueIdentifier>
    </Filter>
    <Filter Include="src\gpp">
      <UniqueIdentifier>{886e67ed-4365-4df8-a9be-bd0570914a7e}</UniqueIdentifier>
    </Filter>
    <Filter Include="src\gpp\player">
      <UniqueIdentifier>{34af43fa-09f0-48d8-8d0f-221761f2d0c0}</UniqueIdentifier>
    </Filter>
    <Filter Include="src\render">
      <UniqueIdentifier>{5439a0cf-049e-4eff-863d-08db37140ab8}</UniqueIdentifier>
    </Filter>
    <Filter Include="src\render\Primitive">
      <UniqueIdentifier>{df3d8339-e095-4149-8831-58703a6b7c62}</UniqueIdentifier>
    </Filter>
    <Filter Include="src\render\Effect">
      <UniqueIdentifier>{797a162b-8066-4737-90a4-658798f7a4b7}</UniqueIdentifier>
    </Filter>
    <Filter Include="src\render\light">
      <UniqueIdentifier>{8293d3b5-f22f-46d9-afcb-9b825f77f459}</UniqueIdentifier>
    </Filter>
    <Filter Include="src\gpp\asteroid">
      <UniqueIdentifier>{bbe26ab9-5944-4f4e-a7b2-1b1fa7886c31}</UniqueIdentifier>
    </Filter>
    <Filter Include="src\demo">
      <UniqueIdentifier>{cc28b55a-ba9c-41f9-babd-acb9fa7b5bcf}</UniqueIdentifier>
    </Filter>
    <Filter Include="src\imgui">
      <UniqueIdentifier>{bca5a7c5-9d26-47c3-ab27-27acf3580659}</UniqueIdentifier>
    </Filter>
    <Filter Include="src\util">
      <UniqueIdentifier>{e81c3cd7-d786-43da-a560-f72cc3c587dc}</UniqueIdentifier>
    </Filter>
  </ItemGroup>
  <ItemGroup>
    <ClCompile Include="main.cpp">
      <Filter>win32</Filter>
    </ClCompile>
    <ClCompile Include="..\Classes\AppDelegate.cpp">
      <Filter>src</Filter>
    </ClCompile>
    <ClCompile Include="..\Classes\HelloWorldScene.cpp">
      <Filter>src</Filter>
    </ClCompile>
    <ClCompile Include="..\Classes\network\Rpc.cpp">
      <Filter>src\network</Filter>
    </ClCompile>
    <ClCompile Include="..\Classes\network\xnet.cpp">
      <Filter>src\network</Filter>
    </ClCompile>
    <ClCompile Include="..\Classes\CirclePrimitive.cpp">
      <Filter>src\render\Primitive</Filter>
    </ClCompile>
    <ClCompile Include="..\Classes\RectPrimitive.cpp">
      <Filter>src\render\Primitive</Filter>
    </ClCompile>
    <ClCompile Include="..\Classes\TrianglePrimitive.cpp">
      <Filter>src\render\Primitive</Filter>
    </ClCompile>
    <ClCompile Include="..\Classes\Effect.cpp">
      <Filter>src\render\Effect</Filter>
    </ClCompile>
    <ClCompile Include="..\Classes\LightEffect.cpp">
      <Filter>src\render\Effect</Filter>
    </ClCompile>
    <ClCompile Include="..\Classes\network\NetWork.cpp">
      <Filter>src\network</Filter>
    </ClCompile>
    <ClCompile Include="..\Classes\LocalPlayer.cpp">
      <Filter>src\gpp\player</Filter>
    </ClCompile>
    <ClCompile Include="..\Classes\NetPlayer.cpp">
      <Filter>src\gpp\player</Filter>
    </ClCompile>
    <ClCompile Include="..\Classes\PlayerManager.cpp">
      <Filter>src\gpp\player</Filter>
    </ClCompile>
    <ClCompile Include="..\Classes\InstanceRenderCommand.cpp">
      <Filter>src\render\Effect</Filter>
    </ClCompile>
    <ClCompile Include="..\Classes\DotPrimitive.cpp">
      <Filter>src\render\Primitive</Filter>
    </ClCompile>
    <ClCompile Include="..\Classes\PrimitiveEffect.cpp">
      <Filter>src\render\Effect</Filter>
    </ClCompile>
    <ClCompile Include="..\Classes\GameManager.cpp">
      <Filter>src\gpp</Filter>
    </ClCompile>
    <ClCompile Include="..\Classes\ShadowEffect.cpp">
      <Filter>src\render\Effect</Filter>
    </ClCompile>
    <ClCompile Include="..\Classes\Light2d.cpp">
      <Filter>src\render\light</Filter>
    </ClCompile>
    <ClCompile Include="..\Classes\LightingManager.cpp">
      <Filter>src\render\light</Filter>
    </ClCompile>
    <ClCompile Include="..\Classes\DeferredEffect.cpp">
      <Filter>src\render\Effect</Filter>
    </ClCompile>
    <ClCompile Include="..\Classes\GameScene.cpp">
      <Filter>src\gpp</Filter>
    </ClCompile>
    <ClCompile Include="..\Classes\Random.cpp">
      <Filter>src\gpp</Filter>
    </ClCompile>
    <ClCompile Include="..\Classes\Asteroid.cpp">
      <Filter>src\gpp\asteroid</Filter>
    </ClCompile>
    <ClCompile Include="..\Classes\AsteroidManager.cpp">
      <Filter>src\gpp\asteroid</Filter>
    </ClCompile>
    <ClCompile Include="..\Classes\BGEffect.cpp">
      <Filter>src\render\Effect</Filter>
    </ClCompile>
    <ClCompile Include="..\Classes\LightDemoScene.cpp">
      <Filter>src\demo</Filter>
    </ClCompile>
    <ClCompile Include="..\Classes\InstanceDemoScene.cpp">
      <Filter>src\demo</Filter>
    </ClCompile>
    <ClCompile Include="..\Classes\imgui\imgui.cpp">
      <Filter>src\imgui</Filter>
    </ClCompile>
    <ClCompile Include="..\Classes\imgui\imgui_demo.cpp">
      <Filter>src\imgui</Filter>
    </ClCompile>
    <ClCompile Include="..\Classes\imgui\imgui_draw.cpp">
      <Filter>src\imgui</Filter>
    </ClCompile>
    <ClCompile Include="..\Classes\imgui\imgui_widgets.cpp">
      <Filter>src\imgui</Filter>
    </ClCompile>
    <ClCompile Include="..\Classes\imgui\CCIMGUI.cpp">
      <Filter>src\imgui</Filter>
    </ClCompile>
    <ClCompile Include="..\Classes\imgui\CCImGuiLayer.cpp">
      <Filter>src\imgui</Filter>
    </ClCompile>
    <ClCompile Include="..\Classes\imgui\imgui_impl_cocos2dx.cpp">
      <Filter>src\imgui</Filter>
    </ClCompile>
  </ItemGroup>
  <ItemGroup>
    <ClInclude Include="main.h">
      <Filter>win32</Filter>
    </ClInclude>
    <ClInclude Include="..\Classes\AppDelegate.h">
      <Filter>src</Filter>
    </ClInclude>
    <ClInclude Include="..\Classes\HelloWorldScene.h">
      <Filter>src</Filter>
    </ClInclude>
    <ClInclude Include="..\include\Rpc.h">
      <Filter>src\network</Filter>
    </ClInclude>
    <ClInclude Include="..\include\xnet.h">
      <Filter>src\network</Filter>
    </ClInclude>
    <ClInclude Include="..\include\Queue.hpp">
      <Filter>src\base</Filter>
    </ClInclude>
    <ClInclude Include="..\include\Serializer.h">
      <Filter>src\base</Filter>
    </ClInclude>
    <ClInclude Include="..\Classes\CirclePrimitive.h">
      <Filter>src\render\Primitive</Filter>
    </ClInclude>
    <ClInclude Include="..\Classes\RectPrimitive.h">
      <Filter>src\render\Primitive</Filter>
    </ClInclude>
    <ClInclude Include="..\Classes\TrianglePrimitive.h">
      <Filter>src\render\Primitive</Filter>
    </ClInclude>
    <ClInclude Include="..\Classes\Effect.h">
      <Filter>src\render\Effect</Filter>
    </ClInclude>
    <ClInclude Include="..\Classes\LightEffect.h">
      <Filter>src\render\Effect</Filter>
    </ClInclude>
    <ClInclude Include="..\Classes\network\NetWork.h">
      <Filter>src\network</Filter>
    </ClInclude>
    <ClInclude Include="..\Classes\LocalPlayer.h">
      <Filter>src\gpp\player</Filter>
    </ClInclude>
    <ClInclude Include="..\Classes\NetPlayer.h">
      <Filter>src\gpp\player</Filter>
    </ClInclude>
    <ClInclude Include="..\Classes\PlayerManager.h">
      <Filter>src\gpp\player</Filter>
    </ClInclude>
    <ClInclude Include="..\Classes\IPlayer.h">
      <Filter>src\base\interface</Filter>
    </ClInclude>
    <ClInclude Include="..\Classes\IPrimitive.h">
      <Filter>src\base\interface</Filter>
    </ClInclude>
    <ClInclude Include="..\Classes\ISingle.h">
      <Filter>src\base\interface</Filter>
    </ClInclude>
    <ClInclude Include="..\Classes\InstanceRenderCommand.h">
      <Filter>src\render\Effect</Filter>
    </ClInclude>
    <ClInclude Include="..\Classes\DotPrimitive.h">
      <Filter>src\render\Primitive</Filter>
    </ClInclude>
    <ClInclude Include="..\Classes\PrimitiveEffect.h">
      <Filter>src\render\Effect</Filter>
    </ClInclude>
    <ClInclude Include="..\Classes\PhysicExt.h">
      <Filter>src\base</Filter>
    </ClInclude>
    <ClInclude Include="..\Classes\ShadowEffect.h">
      <Filter>src\render\Effect</Filter>
    </ClInclude>
    <ClInclude Include="..\Classes\GameManager.h">
      <Filter>src\gpp</Filter>
    </ClInclude>
    <ClInclude Include="..\Classes\MathUtil.h">
      <Filter>src\base</Filter>
    </ClInclude>
    <ClInclude Include="..\Classes\Light2d.h">
      <Filter>src\render\light</Filter>
    </ClInclude>
    <ClInclude Include="..\Classes\LightingManager.h">
      <Filter>src\render\light</Filter>
    </ClInclude>
    <ClInclude Include="..\Classes\DeferredEffect.h">
      <Filter>src\render\Effect</Filter>
    </ClInclude>
    <ClInclude Include="..\Classes\GameScene.h">
      <Filter>src\gpp</Filter>
    </ClInclude>
    <ClInclude Include="..\Classes\Random.h">
      <Filter>src\gpp</Filter>
    </ClInclude>
    <ClInclude Include="..\Classes\Asteroid.h">
      <Filter>src\gpp\asteroid</Filter>
    </ClInclude>
    <ClInclude Include="..\Classes\AsteroidManager.h">
      <Filter>src\gpp\asteroid</Filter>
    </ClInclude>
    <ClInclude Include="..\Classes\BGEffect.h">
      <Filter>src\render\Effect</Filter>
    </ClInclude>
    <ClInclude Include="..\Classes\LightDemoScene.h">
      <Filter>src\demo</Filter>
    </ClInclude>
    <ClInclude Include="..\Classes\InstanceDemoScene.h">
      <Filter>src\demo</Filter>
    </ClInclude>
    <ClInclude Include="..\Classes\imgui\imconfig.h">
      <Filter>src\imgui</Filter>
    </ClInclude>
    <ClInclude Include="..\Classes\imgui\imgui.h">
      <Filter>src\imgui</Filter>
    </ClInclude>
    <ClInclude Include="..\Classes\imgui\imgui_internal.h">
      <Filter>src\imgui</Filter>
    </ClInclude>
    <ClInclude Include="..\Classes\imgui\CCIMGUI.h">
      <Filter>src\imgui</Filter>
    </ClInclude>
    <ClInclude Include="..\Classes\imgui\CCImGuiLayer.h">
      <Filter>src\imgui</Filter>
    </ClInclude>
    <ClInclude Include="..\Classes\imgui\imgui_impl_cocos2dx.h">
      <Filter>src\imgui</Filter>
    </ClInclude>
    <ClInclude Include="..\Classes\imgui\imstb_rectpack.h">
      <Filter>src\imgui</Filter>
    </ClInclude>
    <ClInclude Include="..\Classes\imgui\imstb_textedit.h">
      <Filter>src\imgui</Filter>
    </ClInclude>
    <ClInclude Include="..\Classes\imgui\imstb_truetype.h">
      <Filter>src\imgui</Filter>
    </ClInclude>
    <ClInclude Include="..\Classes\Util.h">
      <Filter>src\util</Filter>
    </ClInclude>
  </ItemGroup>
  <ItemGroup>
    <ResourceCompile Include="game.rc">
      <Filter>resource</Filter>
    </ResourceCompile>
  </ItemGroup>
  <ItemGroup>
    <None Include="..\Resources\shader\primitive_shader.glsl">
      <Filter>resource\shader</Filter>
    </None>
    <None Include="..\Resources\shader\deferred_light_shader.glsl">
      <Filter>resource\shader</Filter>
    </None>
    <None Include="..\Resources\shader\shadow_shader.glsl">
      <Filter>resource\shader</Filter>
    </None>
    <None Include="..\Resources\shader\Shader.vert">
      <Filter>resource\shader</Filter>
    </None>
    <None Include="..\Resources\shader\light2d_shader.glsl">
      <Filter>resource\shader</Filter>
    </None>
    <None Include="..\Resources\shader\bg_shader.glsl">
      <Filter>resource\shader</Filter>
    </None>
  </ItemGroup>
</Project>